
Microsoft Visual Studio Solution File, Format Version 12.00
# Visual Studio Version 17
VisualStudioVersion = 17.4.33213.308
MinimumVisualStudioVersion = 10.0.40219.1
Project("{9A19103F-16F7-4668-BE54-9A1E7A4F7556}") = "yukarinette-voicevox", "src\yukarinette-voicevox\yukarinette-voicevox.csproj", "{962F6023-CD32-4CD5-AD36-6E5914080A5A}"
EndProject
Global
	GlobalSection(SolutionConfigurationPlatforms) = preSolution
		Debug|Any CPU = Debug|Any CPU
		Release|Any CPU = Release|Any CPU
	EndGlobalSection
	GlobalSection(ProjectConfigurationPlatforms) = postSolution
		{962F6023-CD32-4CD5-AD36-6E5914080A5A}.Debug|Any CPU.ActiveCfg = Debug|Any CPU
		{962F6023-CD32-4CD5-AD36-6E5914080A5A}.Debug|Any CPU.Build.0 = Debug|Any CPU
		{962F6023-CD32-4CD5-AD36-6E5914080A5A}.Release|Any CPU.ActiveCfg = Release|Any CPU
		{962F6023-CD32-4CD5-AD36-6E5914080A5A}.Release|Any CPU.Build.0 = Release|Any CPU
	EndGlobalSection
	GlobalSection(SolutionProperties) = preSolution
		HideSolutionNode = FALSE
	EndGlobalSection
	GlobalSection(ExtensibilityGlobals) = postSolution
		SolutionGuid = {AA9439D5-282C-4F03-AB72-8F0DC0AA2000}
	EndGlobalSection
EndGlobal
